
Microsoft Visual Studio Solution File, Format Version 12.00
# Visual Studio Version 17
VisualStudioVersion = 17.6.33829.357
MinimumVisualStudioVersion = 10.0.40219.1
Project("{FAE04EC0-301F-11D3-BF4B-00C04F79EFBC}") = "duan1_nhom0", "duan1_nhom0\duan1_nhom0.csproj", "{FCA9DD9A-7263-41D5-80CF-C27611368151}"
EndProject
Global
	GlobalSection(SolutionConfigurationPlatforms) = preSolution
		Debug|Any CPU = Debug|Any CPU
		Release|Any CPU = Release|Any CPU
	EndGlobalSection
	GlobalSection(ProjectConfigurationPlatforms) = postSolution
		{FCA9DD9A-7263-41D5-80CF-C27611368151}.Debug|Any CPU.ActiveCfg = Debug|Any CPU
		{FCA9DD9A-7263-41D5-80CF-C27611368151}.Debug|Any CPU.Build.0 = Debug|Any CPU
		{FCA9DD9A-7263-41D5-80CF-C27611368151}.Release|Any CPU.ActiveCfg = Release|Any CPU
		{FCA9DD9A-7263-41D5-80CF-C27611368151}.Release|Any CPU.Build.0 = Release|Any CPU
	EndGlobalSection
	GlobalSection(SolutionProperties) = preSolution
		HideSolutionNode = FALSE
	EndGlobalSection
	GlobalSection(ExtensibilityGlobals) = postSolution
		SolutionGuid = {F39D97D3-3A0F-40B8-BFB3-6C5AA733048D}
	EndGlobalSection
EndGlobal
